
Microsoft Visual Studio Solution File, Format Version 11.00
# Visual Studio 2010
Project("{FAE04EC0-301F-11D3-BF4B-00C04F79EFBC}") = "Num.38", "Num.38\Num.38.csproj", "{05E94102-E45F-4D41-913E-A55E8FCFE717}"
EndProject
Project("{FAE04EC0-301F-11D3-BF4B-00C04F79EFBC}") = "Test", "Test\Test.csproj", "{2BF3E8E3-C092-4A6F-84EA-0D046F8D9884}"
EndProject
Project("{FAE04EC0-301F-11D3-BF4B-00C04F79EFBC}") = "Num.39", "Num.39\Num.39.csproj", "{B8D0A177-D5AB-456A-9836-3094C396B8F7}"
EndProject
Project("{FAE04EC0-301F-11D3-BF4B-00C04F79EFBC}") = "Num.42", "Num.42\Num.42.csproj", "{52B4451B-29BC-4A22-BC07-357485D4A86F}"
EndProject
Project("{FAE04EC0-301F-11D3-BF4B-00C04F79EFBC}") = "Num.43", "Num.43\Num.43.csproj", "{CEE6020E-40DD-4E65-A596-B79D942654A5}"
EndProject
Project("{FAE04EC0-301F-11D3-BF4B-00C04F79EFBC}") = "Num.44", "Num.44\Num.44.csproj", "{B1115103-5C95-4C3C-9110-760A80F1D8A0}"
EndProject
Project("{FAE04EC0-301F-11D3-BF4B-00C04F79EFBC}") = "Num.45", "Num.45\Num.45.csproj", "{D647819C-BA86-48C6-9498-E7E6A68D2450}"
EndProject
Project("{2150E333-8FDC-42A3-9474-1A3956D46DE8}") = "docs", "docs", "{6704FB22-D6C0-41C2-A98B-6F8B467FDD6E}"
	ProjectSection(SolutionItems) = preProject
		docs\Applicant Check List (SDE + SDET).docx = docs\Applicant Check List (SDE + SDET).docx
		docs\Microsoft Interview Questions!.pdf = docs\Microsoft Interview Questions!.pdf
	EndProjectSection
EndProject
Project("{FAE04EC0-301F-11D3-BF4B-00C04F79EFBC}") = "Num.47", "Num.47\Num.47.csproj", "{23CBDF13-2E5D-4849-A603-2AD8562C1EE7}"
EndProject
Project("{FAE04EC0-301F-11D3-BF4B-00C04F79EFBC}") = "Num.50", "Num.50\Num.50.csproj", "{08FD2E8C-19AF-4A0F-B282-03810F17A579}"
EndProject
Project("{FAE04EC0-301F-11D3-BF4B-00C04F79EFBC}") = "Num.56", "Num.56\Num.56.csproj", "{F9527976-BD10-4DB5-B7EF-6E7327BE5A58}"
EndProject
Project("{FAE04EC0-301F-11D3-BF4B-00C04F79EFBC}") = "Num.57", "Num.57\Num.57.csproj", "{17475F49-6EC6-47BC-B388-2D6AF56EE374}"
EndProject
Project("{FAE04EC0-301F-11D3-BF4B-00C04F79EFBC}") = "Num.58", "Num.58\Num.58.csproj", "{EE6593F0-2ED9-4871-A9FC-D4D7535BA0A4}"
EndProject
Global
	GlobalSection(SolutionConfigurationPlatforms) = preSolution
		Debug|Any CPU = Debug|Any CPU
		Release|Any CPU = Release|Any CPU
	EndGlobalSection
	GlobalSection(ProjectConfigurationPlatforms) = postSolution
		{05E94102-E45F-4D41-913E-A55E8FCFE717}.Debug|Any CPU.ActiveCfg = Debug|Any CPU
		{05E94102-E45F-4D41-913E-A55E8FCFE717}.Debug|Any CPU.Build.0 = Debug|Any CPU
		{05E94102-E45F-4D41-913E-A55E8FCFE717}.Release|Any CPU.ActiveCfg = Release|Any CPU
		{05E94102-E45F-4D41-913E-A55E8FCFE717}.Release|Any CPU.Build.0 = Release|Any CPU
		{2BF3E8E3-C092-4A6F-84EA-0D046F8D9884}.Debug|Any CPU.ActiveCfg = Debug|Any CPU
		{2BF3E8E3-C092-4A6F-84EA-0D046F8D9884}.Debug|Any CPU.Build.0 = Debug|Any CPU
		{2BF3E8E3-C092-4A6F-84EA-0D046F8D9884}.Release|Any CPU.ActiveCfg = Release|Any CPU
		{2BF3E8E3-C092-4A6F-84EA-0D046F8D9884}.Release|Any CPU.Build.0 = Release|Any CPU
		{B8D0A177-D5AB-456A-9836-3094C396B8F7}.Debug|Any CPU.ActiveCfg = Debug|Any CPU
		{B8D0A177-D5AB-456A-9836-3094C396B8F7}.Debug|Any CPU.Build.0 = Debug|Any CPU
		{B8D0A177-D5AB-456A-9836-3094C396B8F7}.Release|Any CPU.ActiveCfg = Release|Any CPU
		{B8D0A177-D5AB-456A-9836-3094C396B8F7}.Release|Any CPU.Build.0 = Release|Any CPU
		{52B4451B-29BC-4A22-BC07-357485D4A86F}.Debug|Any CPU.ActiveCfg = Debug|Any CPU
		{52B4451B-29BC-4A22-BC07-357485D4A86F}.Debug|Any CPU.Build.0 = Debug|Any CPU
		{52B4451B-29BC-4A22-BC07-357485D4A86F}.Release|Any CPU.ActiveCfg = Release|Any CPU
		{52B4451B-29BC-4A22-BC07-357485D4A86F}.Release|Any CPU.Build.0 = Release|Any CPU
		{CEE6020E-40DD-4E65-A596-B79D942654A5}.Debug|Any CPU.ActiveCfg = Debug|Any CPU
		{CEE6020E-40DD-4E65-A596-B79D942654A5}.Debug|Any CPU.Build.0 = Debug|Any CPU
		{CEE6020E-40DD-4E65-A596-B79D942654A5}.Release|Any CPU.ActiveCfg = Release|Any CPU
		{CEE6020E-40DD-4E65-A596-B79D942654A5}.Release|Any CPU.Build.0 = Release|Any CPU
		{B1115103-5C95-4C3C-9110-760A80F1D8A0}.Debug|Any CPU.ActiveCfg = Debug|Any CPU
		{B1115103-5C95-4C3C-9110-760A80F1D8A0}.Debug|Any CPU.Build.0 = Debug|Any CPU
		{B1115103-5C95-4C3C-9110-760A80F1D8A0}.Release|Any CPU.ActiveCfg = Release|Any CPU
		{B1115103-5C95-4C3C-9110-760A80F1D8A0}.Release|Any CPU.Build.0 = Release|Any CPU
		{D647819C-BA86-48C6-9498-E7E6A68D2450}.Debug|Any CPU.ActiveCfg = Debug|Any CPU
		{D647819C-BA86-48C6-9498-E7E6A68D2450}.Debug|Any CPU.Build.0 = Debug|Any CPU
		{D647819C-BA86-48C6-9498-E7E6A68D2450}.Release|Any CPU.ActiveCfg = Release|Any CPU
		{D647819C-BA86-48C6-9498-E7E6A68D2450}.Release|Any CPU.Build.0 = Release|Any CPU
		{23CBDF13-2E5D-4849-A603-2AD8562C1EE7}.Debug|Any CPU.ActiveCfg = Debug|Any CPU
		{23CBDF13-2E5D-4849-A603-2AD8562C1EE7}.Debug|Any CPU.Build.0 = Debug|Any CPU
		{23CBDF13-2E5D-4849-A603-2AD8562C1EE7}.Release|Any CPU.ActiveCfg = Release|Any CPU
		{23CBDF13-2E5D-4849-A603-2AD8562C1EE7}.Release|Any CPU.Build.0 = Release|Any CPU
		{08FD2E8C-19AF-4A0F-B282-03810F17A579}.Debug|Any CPU.ActiveCfg = Debug|Any CPU
		{08FD2E8C-19AF-4A0F-B282-03810F17A579}.Debug|Any CPU.Build.0 = Debug|Any CPU
		{08FD2E8C-19AF-4A0F-B282-03810F17A579}.Release|Any CPU.ActiveCfg = Release|Any CPU
		{08FD2E8C-19AF-4A0F-B282-03810F17A579}.Release|Any CPU.Build.0 = Release|Any CPU
		{F9527976-BD10-4DB5-B7EF-6E7327BE5A58}.Debug|Any CPU.ActiveCfg = Debug|Any CPU
		{F9527976-BD10-4DB5-B7EF-6E7327BE5A58}.Debug|Any CPU.Build.0 = Debug|Any CPU
		{F9527976-BD10-4DB5-B7EF-6E7327BE5A58}.Release|Any CPU.ActiveCfg = Release|Any CPU
		{F9527976-BD10-4DB5-B7EF-6E7327BE5A58}.Release|Any CPU.Build.0 = Release|Any CPU
		{17475F49-6EC6-47BC-B388-2D6AF56EE374}.Debug|Any CPU.ActiveCfg = Debug|Any CPU
		{17475F49-6EC6-47BC-B388-2D6AF56EE374}.Debug|Any CPU.Build.0 = Debug|Any CPU
		{17475F49-6EC6-47BC-B388-2D6AF56EE374}.Release|Any CPU.ActiveCfg = Release|Any CPU
		{17475F49-6EC6-47BC-B388-2D6AF56EE374}.Release|Any CPU.Build.0 = Release|Any CPU
		{EE6593F0-2ED9-4871-A9FC-D4D7535BA0A4}.Debug|Any CPU.ActiveCfg = Debug|Any CPU
		{EE6593F0-2ED9-4871-A9FC-D4D7535BA0A4}.Debug|Any CPU.Build.0 = Debug|Any CPU
		{EE6593F0-2ED9-4871-A9FC-D4D7535BA0A4}.Release|Any CPU.ActiveCfg = Release|Any CPU
		{EE6593F0-2ED9-4871-A9FC-D4D7535BA0A4}.Release|Any CPU.Build.0 = Release|Any CPU
	EndGlobalSection
	GlobalSection(SolutionProperties) = preSolution
		HideSolutionNode = FALSE
	EndGlobalSection
EndGlobal
